github.com/wdsgyj/unixproxy-go v0.0.0-20260309061129-ca42c92e134b h1:/YTr0i+NwREHgnKPfE1MsbBfex4WrT0g8zCJ84tCTnE=
github.com/wdsgyj/unixproxy-go v0.0.0-20260309061129-ca42c92e134b/go.mod h1:DJ5CM0mwR8m/odjw9AYGDEQT0F4o7opnd0hgg8CWwF4=
github.com/wdsgyj/unixproxy-go v0.0.0-20260318052113-1ab457cc725a h1:9zIJfv6z29E2x0YohWW21wY38waq6Au0fq4DJcLGCpg=
github.com/wdsgyj/unixproxy-go v0.0.0-20260318052113-1ab457cc725a/go.mod h1:iENBbVSqc7gz3H+/K18q7/hlQsavLp6/txyP/NK5Afs=
